
Microsoft Visual Studio Solution File, Format Version 12.00
# Visual Studio Version 17
VisualStudioVersion = 17.2.32616.157
MinimumVisualStudioVersion = 10.0.40219.1
Project("{FAE04EC0-301F-11D3-BF4B-00C04F79EFBC}") = "Optical Store", "Optical Store.csproj", "{DBBE740C-0646-4285-8F9D-CB0894FE1A23}"
EndProject
Global
	GlobalSection(SolutionConfigurationPlatforms) = preSolution
		Debug|Any CPU = Debug|Any CPU
		Release|Any CPU = Release|Any CPU
	EndGlobalSection
	GlobalSection(ProjectConfigurationPlatforms) = postSolution
		{DBBE740C-0646-4285-8F9D-CB0894FE1A23}.Debug|Any CPU.ActiveCfg = Debug|Any CPU
		{DBBE740C-0646-4285-8F9D-CB0894FE1A23}.Debug|Any CPU.Build.0 = Debug|Any CPU
		{DBBE740C-0646-4285-8F9D-CB0894FE1A23}.Release|Any CPU.ActiveCfg = Release|Any CPU
		{DBBE740C-0646-4285-8F9D-CB0894FE1A23}.Release|Any CPU.Build.0 = Release|Any CPU
	EndGlobalSection
	GlobalSection(SolutionProperties) = preSolution
		HideSolutionNode = FALSE
	EndGlobalSection
	GlobalSection(ExtensibilityGlobals) = postSolution
		SolutionGuid = {30386071-EC97-4784-BF07-DF722E8550C8}
	EndGlobalSection
EndGlobal
